// !$*UTF8*$!
{
	archiveVersion = 1;
	classes = {
	};
	objectVersion = 56;
	objects = {

/* Begin PBXBuildFile section */
		21CACC0A2AD5CD6C00718C9E /* AppDelegate.swift in Sources */ = {isa = PBXBuildFile; fileRef = 21CACC092AD5CD6C00718C9E /* AppDelegate.swift */; };
		21CACC0C2AD5CD6C00718C9E /* SceneDelegate.swift in Sources */ = {isa = PBXBuildFile; fileRef = 21CACC0B2AD5CD6C00718C9E /* SceneDelegate.swift */; };
		21CACC0E2AD5CD6C00718C9E /* WeatherViewController.swift in Sources */ = {isa = PBXBuildFile; fileRef = 21CACC0D2AD5CD6C00718C9E /* WeatherViewController.swift */; };
		21CACC132AD5CD6E00718C9E /* Assets.xcassets in Resources */ = {isa = PBXBuildFile; fileRef = 21CACC122AD5CD6E00718C9E /* Assets.xcassets */; };
		21CACC162AD5CD6E00718C9E /* LaunchScreen.storyboard in Resources */ = {isa = PBXBuildFile; fileRef = 21CACC142AD5CD6E00718C9E /* LaunchScreen.storyboard */; };
		21CD52652AD6BC0200BDDA25 /* ForecastCollectionViewCell.swift in Sources */ = {isa = PBXBuildFile; fileRef = 21CD52642AD6BC0200BDDA25 /* ForecastCollectionViewCell.swift */; };
		21CD52692AD6C1EB00BDDA25 /* WeatherResponce.swift in Sources */ = {isa = PBXBuildFile; fileRef = 21CD52682AD6C1EB00BDDA25 /* WeatherResponce.swift */; };
		21CD526B2AD6C23700BDDA25 /* ForecastResponce.swift in Sources */ = {isa = PBXBuildFile; fileRef = 21CD526A2AD6C23700BDDA25 /* ForecastResponce.swift */; };
		21CD526D2AD6C55900BDDA25 /* ApiService.swift in Sources */ = {isa = PBXBuildFile; fileRef = 21CD526C2AD6C55900BDDA25 /* ApiService.swift */; };
		21CD526F2AD7205000BDDA25 /* WeatherViewModel.swift in Sources */ = {isa = PBXBuildFile; fileRef = 21CD526E2AD7205000BDDA25 /* WeatherViewModel.swift */; };
		C75C8123608022BAFD808651 /* Pods_NewWeatherApp.framework in Frameworks */ = {isa = PBXBuildFile; fileRef = D04303155DB55E781F6DFF3B /* Pods_NewWeatherApp.framework */; };
/* End PBXBuildFile section */

/* Begin PBXFileReference section */
		21CACC062AD5CD6C00718C9E /* NewWeatherApp.app */ = {isa = PBXFileReference; explicitFileType = wrapper.application; includeInIndex = 0; path = NewWeatherApp.app; sourceTree = BUILT_PRODUCTS_DIR; };
		21CACC092AD5CD6C00718C9E /* AppDelegate.swift */ = {isa = PBXFileReference; lastKnownFileType = sourcecode.swift; path = AppDelegate.swift; sourceTree = "<group>"; };
		21CACC0B2AD5CD6C00718C9E /* SceneDelegate.swift */ = {isa = PBXFileReference; lastKnownFileType = sourcecode.swift; path = SceneDelegate.swift; sourceTree = "<group>"; };
		21CACC0D2AD5CD6C00718C9E /* WeatherViewController.swift */ = {isa = PBXFileReference; lastKnownFileType = sourcecode.swift; path = WeatherViewController.swift; sourceTree = "<group>"; };
		21CACC122AD5CD6E00718C9E /* Assets.xcassets */ = {isa = PBXFileReference; lastKnownFileType = folder.assetcatalog; path = Assets.xcassets; sourceTree = "<group>"; };
		21CACC152AD5CD6E00718C9E /* Base */ = {isa = PBXFileReference; lastKnownFileType = file.storyboard; name = Base; path = Base.lproj/LaunchScreen.storyboard; sourceTree = "<group>"; };
		21CACC172AD5CD6E00718C9E /* Info.plist */ = {isa = PBXFileReference; lastKnownFileType = text.plist.xml; path = Info.plist; sourceTree = "<group>"; };
		21CD52642AD6BC0200BDDA25 /* ForecastCollectionViewCell.swift */ = {isa = PBXFileReference; lastKnownFileType = sourcecode.swift; path = ForecastCollectionViewCell.swift; sourceTree = "<group>"; };
		21CD52682AD6C1EB00BDDA25 /* WeatherResponce.swift */ = {isa = PBXFileReference; lastKnownFileType = sourcecode.swift; path = WeatherResponce.swift; sourceTree = "<group>"; };
		21CD526A2AD6C23700BDDA25 /* ForecastResponce.swift */ = {isa = PBXFileReference; lastKnownFileType = sourcecode.swift; path = ForecastResponce.swift; sourceTree = "<group>"; };
		21CD526C2AD6C55900BDDA25 /* ApiService.swift */ = {isa = PBXFileReference; lastKnownFileType = sourcecode.swift; path = ApiService.swift; sourceTree = "<group>"; };
		21CD526E2AD7205000BDDA25 /* WeatherViewModel.swift */ = {isa = PBXFileReference; lastKnownFileType = sourcecode.swift; path = WeatherViewModel.swift; sourceTree = "<group>"; };
		97285A81DCCC1653DEEA8A42 /* Pods-NewWeatherApp.release.xcconfig */ = {isa = PBXFileReference; includeInIndex = 1; lastKnownFileType = text.xcconfig; name = "Pods-NewWeatherApp.release.xcconfig"; path = "Target Support Files/Pods-NewWeatherApp/Pods-NewWeatherApp.release.xcconfig"; sourceTree = "<group>"; };
		B5CFAE9C3BAFEAF5A8EC25BA /* Pods-NewWeatherApp.debug.xcconfig */ = {isa = PBXFileReference; includeInIndex = 1; lastKnownFileType = text.xcconfig; name = "Pods-NewWeatherApp.debug.xcconfig"; path = "Target Support Files/Pods-NewWeatherApp/Pods-NewWeatherApp.debug.xcconfig"; sourceTree = "<group>"; };
		D04303155DB55E781F6DFF3B /* Pods_NewWeatherApp.framework */ = {isa = PBXFileReference; explicitFileType = wrapper.framework; includeInIndex = 0; path = Pods_NewWeatherApp.framework; sourceTree = BUILT_PRODUCTS_DIR; };
/* End PBXFileReference section */

/* Begin PBXFrameworksBuildPhase section */
		21CACC032AD5CD6C00718C9E /* Frameworks */ = {
			isa = PBXFrameworksBuildPhase;
			buildActionMask = 2147483647;
			files = (
				C75C8123608022BAFD808651 /* Pods_NewWeatherApp.framework in Frameworks */,
			);
			runOnlyForDeploymentPostprocessing = 0;
		};
/* End PBXFrameworksBuildPhase section */

/* Begin PBXGroup section */
		21CACBFD2AD5CD6C00718C9E = {
			isa = PBXGroup;
			children = (
				21CACC082AD5CD6C00718C9E /* NewWeatherApp */,
				21CACC072AD5CD6C00718C9E /* Products */,
				774D8B52753A2EAB1D0CD6AA /* Pods */,
				7845466464D760649B1A5EF7 /* Frameworks */,
			);
			sourceTree = "<group>";
		};
		21CACC072AD5CD6C00718C9E /* Products */ = {
			isa = PBXGroup;
			children = (
				21CACC062AD5CD6C00718C9E /* NewWeatherApp.app */,
			);
			name = Products;
			sourceTree = "<group>";
		};
		21CACC082AD5CD6C00718C9E /* NewWeatherApp */ = {
			isa = PBXGroup;
			children = (
				21CACC1D2AD5CE9100718C9E /* Application */,
				21CACC1E2AD5CEBD00718C9E /* Modules */,
				21CD52662AD6C19100BDDA25 /* Services */,
				21CD52672AD6C19C00BDDA25 /* Models */,
				21CACC1F2AD5CEE500718C9E /* Resources */,
			);
			path = NewWeatherApp;
			sourceTree = "<group>";
		};
		21CACC1D2AD5CE9100718C9E /* Application */ = {
			isa = PBXGroup;
			children = (
				21CACC092AD5CD6C00718C9E /* AppDelegate.swift */,
				21CACC0B2AD5CD6C00718C9E /* SceneDelegate.swift */,
			);
			path = Application;
			sourceTree = "<group>";
		};
		21CACC1E2AD5CEBD00718C9E /* Modules */ = {
			isa = PBXGroup;
			children = (
				21CACC202AD5D40C00718C9E /* Weather */,
			);
			path = Modules;
			sourceTree = "<group>";
		};
		21CACC1F2AD5CEE500718C9E /* Resources */ = {
			isa = PBXGroup;
			children = (
				21CACC122AD5CD6E00718C9E /* Assets.xcassets */,
				21CACC142AD5CD6E00718C9E /* LaunchScreen.storyboard */,
				21CACC172AD5CD6E00718C9E /* Info.plist */,
			);
			path = Resources;
			sourceTree = "<group>";
		};
		21CACC202AD5D40C00718C9E /* Weather */ = {
			isa = PBXGroup;
			children = (
				21CD526E2AD7205000BDDA25 /* WeatherViewModel.swift */,
				21CACC0D2AD5CD6C00718C9E /* WeatherViewController.swift */,
				21CD52642AD6BC0200BDDA25 /* ForecastCollectionViewCell.swift */,
			);
			path = Weather;
			sourceTree = "<group>";
		};
		21CD52662AD6C19100BDDA25 /* Services */ = {
			isa = PBXGroup;
			children = (
				21CD526C2AD6C55900BDDA25 /* ApiService.swift */,
			);
			path = Services;
			sourceTree = "<group>";
		};
		21CD52672AD6C19C00BDDA25 /* Models */ = {
			isa = PBXGroup;
			children = (
				21CD52682AD6C1EB00BDDA25 /* WeatherResponce.swift */,
				21CD526A2AD6C23700BDDA25 /* ForecastResponce.swift */,
			);
			path = Models;
			sourceTree = "<group>";
		};
		774D8B52753A2EAB1D0CD6AA /* Pods */ = {
			isa = PBXGroup;
			children = (
				B5CFAE9C3BAFEAF5A8EC25BA /* Pods-NewWeatherApp.debug.xcconfig */,
				97285A81DCCC1653DEEA8A42 /* Pods-NewWeatherApp.release.xcconfig */,
			);
			path = Pods;
			sourceTree = "<group>";
		};
		7845466464D760649B1A5EF7 /* Frameworks */ = {
			isa = PBXGroup;
			children = (
				D04303155DB55E781F6DFF3B /* Pods_NewWeatherApp.framework */,
			);
			name = Frameworks;
			sourceTree = "<group>";
		};
/* End PBXGroup section */

/* Begin PBXNativeTarget section */
		21CACC052AD5CD6C00718C9E /* NewWeatherApp */ = {
			isa = PBXNativeTarget;
			buildConfigurationList = 21CACC1A2AD5CD6E00718C9E /* Build configuration list for PBXNativeTarget "NewWeatherApp" */;
			buildPhases = (
				9775B1F97E9BD72E76BD63CB /* [CP] Check Pods Manifest.lock */,
				21CACC022AD5CD6C00718C9E /* Sources */,
				21CACC032AD5CD6C00718C9E /* Frameworks */,
				21CACC042AD5CD6C00718C9E /* Resources */,
				C8485F8144FE13F1CD8B5FC2 /* [CP] Embed Pods Frameworks */,
			);
			buildRules = (
			);
			dependencies = (
			);
			name = NewWeatherApp;
			productName = NewWeatherApp;
			productReference = 21CACC062AD5CD6C00718C9E /* NewWeatherApp.app */;
			productType = "com.apple.product-type.application";
		};
/* End PBXNativeTarget section */

/* Begin PBXProject section */
		21CACBFE2AD5CD6C00718C9E /* Project object */ = {
			isa = PBXProject;
			attributes = {
				BuildIndependentTargetsInParallel = 1;
				LastSwiftUpdateCheck = 1430;
				LastUpgradeCheck = 1430;
				TargetAttributes = {
					21CACC052AD5CD6C00718C9E = {
						CreatedOnToolsVersion = 14.3.1;
					};
				};
			};
			buildConfigurationList = 21CACC012AD5CD6C00718C9E /* Build configuration list for PBXProject "NewWeatherApp" */;
			compatibilityVersion = "Xcode 14.0";
			developmentRegion = en;
			hasScannedForEncodings = 0;
			knownRegions = (
				en,
				Base,
			);
			mainGroup = 21CACBFD2AD5CD6C00718C9E;
			productRefGroup = 21CACC072AD5CD6C00718C9E /* Products */;
			projectDirPath = "";
			projectRoot = "";
			targets = (
				21CACC052AD5CD6C00718C9E /* NewWeatherApp */,
			);
		};
/* End PBXProject section */

/* Begin PBXResourcesBuildPhase section */
		21CACC042AD5CD6C00718C9E /* Resources */ = {
			isa = PBXResourcesBuildPhase;
			buildActionMask = 2147483647;
			files = (
				21CACC162AD5CD6E00718C9E /* LaunchScreen.storyboard in Resources */,
				21CACC132AD5CD6E00718C9E /* Assets.xcassets in Resources */,
			);
			runOnlyForDeploymentPostprocessing = 0;
		};
/* End PBXResourcesBuildPhase section */

/* Begin PBXShellScriptBuildPhase section */
		9775B1F97E9BD72E76BD63CB /* [CP] Check Pods Manifest.lock */ = {
			isa = PBXShellScriptBuildPhase;
			buildActionMask = 2147483647;
			files = (
			);
			inputFileListPaths = (
			);
			inputPaths = (
				"${PODS_PODFILE_DIR_PATH}/Podfile.lock",
				"${PODS_ROOT}/Manifest.lock",
			);
			name = "[CP] Check Pods Manifest.lock";
			outputFileListPaths = (
			);
			outputPaths = (
				"$(DERIVED_FILE_DIR)/Pods-NewWeatherApp-checkManifestLockResult.txt",
			);
			runOnlyForDeploymentPostprocessing = 0;
			shellPath = /bin/sh;
			shellScript = "diff \"${PODS_PODFILE_DIR_PATH}/Podfile.lock\" \"${PODS_ROOT}/Manifest.lock\" > /dev/null\nif [ $? != 0 ] ; then\n    # print error to STDERR\n    echo \"error: The sandbox is not in sync with the Podfile.lock. Run 'pod install' or update your CocoaPods installation.\" >&2\n    exit 1\nfi\n# This output is used by Xcode 'outputs' to avoid re-running this script phase.\necho \"SUCCESS\" > \"${SCRIPT_OUTPUT_FILE_0}\"\n";
			showEnvVarsInLog = 0;
		};
		C8485F8144FE13F1CD8B5FC2 /* [CP] Embed Pods Frameworks */ = {
			isa = PBXShellScriptBuildPhase;
			buildActionMask = 2147483647;
			files = (
			);
			inputFileListPaths = (
				"${PODS_ROOT}/Target Support Files/Pods-NewWeatherApp/Pods-NewWeatherApp-frameworks-${CONFIGURATION}-input-files.xcfilelist",
			);
			name = "[CP] Embed Pods Frameworks";
			outputFileListPaths = (
				"${PODS_ROOT}/Target Support Files/Pods-NewWeatherApp/Pods-NewWeatherApp-frameworks-${CONFIGURATION}-output-files.xcfilelist",
			);
			runOnlyForDeploymentPostprocessing = 0;
			shellPath = /bin/sh;
			shellScript = "\"${PODS_ROOT}/Target Support Files/Pods-NewWeatherApp/Pods-NewWeatherApp-frameworks.sh\"\n";
			showEnvVarsInLog = 0;
		};
/* End PBXShellScriptBuildPhase section */

/* Begin PBXSourcesBuildPhase section */
		21CACC022AD5CD6C00718C9E /* Sources */ = {
			isa = PBXSourcesBuildPhase;
			buildActionMask = 2147483647;
			files = (
				21CD52692AD6C1EB00BDDA25 /* WeatherResponce.swift in Sources */,
				21CACC0E2AD5CD6C00718C9E /* WeatherViewController.swift in Sources */,
				21CD52652AD6BC0200BDDA25 /* ForecastCollectionViewCell.swift in Sources */,
				21CD526B2AD6C23700BDDA25 /* ForecastResponce.swift in Sources */,
				21CACC0A2AD5CD6C00718C9E /* AppDelegate.swift in Sources */,
				21CD526F2AD7205000BDDA25 /* WeatherViewModel.swift in Sources */,
				21CD526D2AD6C55900BDDA25 /* ApiService.swift in Sources */,
				21CACC0C2AD5CD6C00718C9E /* SceneDelegate.swift in Sources */,
			);
			runOnlyForDeploymentPostprocessing = 0;
		};
/* End PBXSourcesBuildPhase section */

/* Begin PBXVariantGroup section */
		21CACC142AD5CD6E00718C9E /* LaunchScreen.storyboard */ = {
			isa = PBXVariantGroup;
			children = (
				21CACC152AD5CD6E00718C9E /* Base */,
			);
			name = LaunchScreen.storyboard;
			sourceTree = "<group>";
		};
/* End PBXVariantGroup section */

/* Begin XCBuildConfiguration section */
		21CACC182AD5CD6E00718C9E /* Debug */ = {
			isa = XCBuildConfiguration;
			buildSettings = {
				ALWAYS_SEARCH_USER_PATHS = NO;
				CLANG_ANALYZER_NONNULL = YES;
				CLANG_ANALYZER_NUMBER_OBJECT_CONVERSION = YES_AGGRESSIVE;
				CLANG_CXX_LANGUAGE_STANDARD = "gnu++20";
				CLANG_ENABLE_MODULES = YES;
				CLANG_ENABLE_OBJC_ARC = YES;
				CLANG_ENABLE_OBJC_WEAK = YES;
				CLANG_WARN_BLOCK_CAPTURE_AUTORELEASING = YES;
				CLANG_WARN_BOOL_CONVERSION = YES;
				CLANG_WARN_COMMA = YES;
				CLANG_WARN_CONSTANT_CONVERSION = YES;
				CLANG_WARN_DEPRECATED_OBJC_IMPLEMENTATIONS = YES;
				CLANG_WARN_DIRECT_OBJC_ISA_USAGE = YES_ERROR;
				CLANG_WARN_DOCUMENTATION_COMMENTS = YES;
				CLANG_WARN_EMPTY_BODY = YES;
				CLANG_WARN_ENUM_CONVERSION = YES;
				CLANG_WARN_INFINITE_RECURSION = YES;
				CLANG_WARN_INT_CONVERSION = YES;
				CLANG_WARN_NON_LITERAL_NULL_CONVERSION = YES;
				CLANG_WARN_OBJC_IMPLICIT_RETAIN_SELF = YES;
				CLANG_WARN_OBJC_LITERAL_CONVERSION = YES;
				CLANG_WARN_OBJC_ROOT_CLASS = YES_ERROR;
				CLANG_WARN_QUOTED_INCLUDE_IN_FRAMEWORK_HEADER = YES;
				CLANG_WARN_RANGE_LOOP_ANALYSIS = YES;
				CLANG_WARN_STRICT_PROTOTYPES = YES;
				CLANG_WARN_SUSPICIOUS_MOVE = YES;
				CLANG_WARN_UNGUARDED_AVAILABILITY = YES_AGGRESSIVE;
				CLANG_WARN_UNREACHABLE_CODE = YES;
				CLANG_WARN__DUPLICATE_METHOD_MATCH = YES;
				COPY_PHASE_STRIP = NO;
				DEBUG_INFORMATION_FORMAT = dwarf;
				ENABLE_STRICT_OBJC_MSGSEND = YES;
				ENABLE_TESTABILITY = YES;
				GCC_C_LANGUAGE_STANDARD = gnu11;
				GCC_DYNAMIC_NO_PIC = NO;
				GCC_NO_COMMON_BLOCKS = YES;
				GCC_OPTIMIZATION_LEVEL = 0;
				GCC_PREPROCESSOR_DEFINITIONS = (
					"DEBUG=1",
					"$(inherited)",
				);
				GCC_WARN_64_TO_32_BIT_CONVERSION = YES;
				GCC_WARN_ABOUT_RETURN_TYPE = YES_ERROR;
				GCC_WARN_UNDECLARED_SELECTOR = YES;
				GCC_WARN_UNINITIALIZED_AUTOS = YES_AGGRESSIVE;
				GCC_WARN_UNUSED_FUNCTION = YES;
				GCC_WARN_UNUSED_VARIABLE = YES;
				IPHONEOS_DEPLOYMENT_TARGET = 16.4;
				MTL_ENABLE_DEBUG_INFO = INCLUDE_SOURCE;
				MTL_FAST_MATH = YES;
				ONLY_ACTIVE_ARCH = YES;
				SDKROOT = iphoneos;
				SWIFT_ACTIVE_COMPILATION_CONDITIONS = DEBUG;
				SWIFT_OPTIMIZATION_LEVEL = "-Onone";
			};
			name = Debug;
		};
		21CACC192AD5CD6E00718C9E /* Release */ = {
			isa = XCBuildConfiguration;
			buildSettings = {
				ALWAYS_SEARCH_USER_PATHS = NO;
				CLANG_ANALYZER_NONNULL = YES;
				CLANG_ANALYZER_NUMBER_OBJECT_CONVERSION = YES_AGGRESSIVE;
				CLANG_CXX_LANGUAGE_STANDARD = "gnu++20";
				CLANG_ENABLE_MODULES = YES;
				CLANG_ENABLE_OBJC_ARC = YES;
				CLANG_ENABLE_OBJC_WEAK = YES;
				CLANG_WARN_BLOCK_CAPTURE_AUTORELEASING = YES;
				CLANG_WARN_BOOL_CONVERSION = YES;
				CLANG_WARN_COMMA = YES;
				CLANG_WARN_CONSTANT_CONVERSION = YES;
				CLANG_WARN_DEPRECATED_OBJC_IMPLEMENTATIONS = YES;
				CLANG_WARN_DIRECT_OBJC_ISA_USAGE = YES_ERROR;
				CLANG_WARN_DOCUMENTATION_COMMENTS = YES;
				CLANG_WARN_EMPTY_BODY = YES;
				CLANG_WARN_ENUM_CONVERSION = YES;
				CLANG_WARN_INFINITE_RECURSION = YES;
				CLANG_WARN_INT_CONVERSION = YES;
				CLANG_WARN_NON_LITERAL_NULL_CONVERSION = YES;
				CLANG_WARN_OBJC_IMPLICIT_RETAIN_SELF = YES;
				CLANG_WARN_OBJC_LITERAL_CONVERSION = YES;
				CLANG_WARN_OBJC_ROOT_CLASS = YES_ERROR;
				CLANG_WARN_QUOTED_INCLUDE_IN_FRAMEWORK_HEADER = YES;
				CLANG_WARN_RANGE_LOOP_ANALYSIS = YES;
				CLANG_WARN_STRICT_PROTOTYPES = YES;
				CLANG_WARN_SUSPICIOUS_MOVE = YES;
				CLANG_WARN_UNGUARDED_AVAILABILITY = YES_AGGRESSIVE;
				CLANG_WARN_UNREACHABLE_CODE = YES;
				CLANG_WARN__DUPLICATE_METHOD_MATCH = YES;
				COPY_PHASE_STRIP = NO;
				DEBUG_INFORMATION_FORMAT = "dwarf-with-dsym";
				ENABLE_NS_ASSERTIONS = NO;
				ENABLE_STRICT_OBJC_MSGSEND = YES;
				GCC_C_LANGUAGE_STANDARD = gnu11;
				GCC_NO_COMMON_BLOCKS = YES;
				GCC_WARN_64_TO_32_BIT_CONVERSION = YES;
				GCC_WARN_ABOUT_RETURN_TYPE = YES_ERROR;
				GCC_WARN_UNDECLARED_SELECTOR = YES;
				GCC_WARN_UNINITIALIZED_AUTOS = YES_AGGRESSIVE;
				GCC_WARN_UNUSED_FUNCTION = YES;
				GCC_WARN_UNUSED_VARIABLE = YES;
				IPHONEOS_DEPLOYMENT_TARGET = 16.4;
				MTL_ENABLE_DEBUG_INFO = NO;
				MTL_FAST_MATH = YES;
				SDKROOT = iphoneos;
				SWIFT_COMPILATION_MODE = wholemodule;
				SWIFT_OPTIMIZATION_LEVEL = "-O";
				VALIDATE_PRODUCT = YES;
			};
			name = Release;
		};
		21CACC1B2AD5CD6E00718C9E /* Debug */ = {
			isa = XCBuildConfiguration;
			baseConfigurationReference = B5CFAE9C3BAFEAF5A8EC25BA /* Pods-NewWeatherApp.debug.xcconfig */;
			buildSettings = {
				ASSETCATALOG_COMPILER_APPICON_NAME = AppIcon;
				ASSETCATALOG_COMPILER_GLOBAL_ACCENT_COLOR_NAME = AccentColor;
				CODE_SIGN_STYLE = Automatic;
				CURRENT_PROJECT_VERSION = 1;
				DEVELOPMENT_TEAM = T5826VSXK9;
				GENERATE_INFOPLIST_FILE = YES;
				INFOPLIST_FILE = NewWeatherApp/Resources/Info.plist;
				INFOPLIST_KEY_UIApplicationSupportsIndirectInputEvents = YES;
				INFOPLIST_KEY_UILaunchStoryboardName = LaunchScreen;
				INFOPLIST_KEY_UISupportedInterfaceOrientations = UIInterfaceOrientationPortrait;
				INFOPLIST_KEY_UISupportedInterfaceOrientations_iPad = "UIInterfaceOrientationLandscapeLeft UIInterfaceOrientationLandscapeRight UIInterfaceOrientationPortrait UIInterfaceOrientationPortraitUpsideDown";
				IPHONEOS_DEPLOYMENT_TARGET = 13.0;
				LD_RUNPATH_SEARCH_PATHS = (
					"$(inherited)",
					"@executable_path/Frameworks",
				);
				MARKETING_VERSION = 1.0;
				PRODUCT_BUNDLE_IDENTIFIER = com.kateKrasova.NewWeatherApp;
				PRODUCT_NAME = "$(TARGET_NAME)";
				SUPPORTED_PLATFORMS = "iphoneos iphonesimulator";
				SUPPORTS_MACCATALYST = NO;
				SUPPORTS_MAC_DESIGNED_FOR_IPHONE_IPAD = NO;
				SWIFT_EMIT_LOC_STRINGS = YES;
				SWIFT_VERSION = 5.0;
				TARGETED_DEVICE_FAMILY = 1;
			};
			name = Debug;
		};
		21CACC1C2AD5CD6E00718C9E /* Release */ = {
			isa = XCBuildConfiguration;
			baseConfigurationReference = 97285A81DCCC1653DEEA8A42 /* Pods-NewWeatherApp.release.xcconfig */;
			buildSettings = {
				ASSETCATALOG_COMPILER_APPICON_NAME = AppIcon;
				ASSETCATALOG_COMPILER_GLOBAL_ACCENT_COLOR_NAME = AccentColor;
				CODE_SIGN_STYLE = Automatic;
				CURRENT_PROJECT_VERSION = 1;
				DEVELOPMENT_TEAM = T5826VSXK9;
				GENERATE_INFOPLIST_FILE = YES;
				INFOPLIST_FILE = NewWeatherApp/Resources/Info.plist;
				INFOPLIST_KEY_UIApplicationSupportsIndirectInputEvents = YES;
				INFOPLIST_KEY_UILaunchStoryboardName = LaunchScreen;
				INFOPLIST_KEY_UISupportedInterfaceOrientations = UIInterfaceOrientationPortrait;
				INFOPLIST_KEY_UISupportedInterfaceOrientations_iPad = "UIInterfaceOrientationLandscapeLeft UIInterfaceOrientationLandscapeRight UIInterfaceOrientationPortrait UIInterfaceOrientationPortraitUpsideDown";
				IPHONEOS_DEPLOYMENT_TARGET = 13.0;
				LD_RUNPATH_SEARCH_PATHS = (
					"$(inherited)",
					"@executable_path/Frameworks",
				);
				MARKETING_VERSION = 1.0;
				PRODUCT_BUNDLE_IDENTIFIER = com.kateKrasova.NewWeatherApp;
				PRODUCT_NAME = "$(TARGET_NAME)";
				SUPPORTED_PLATFORMS = "iphoneos iphonesimulator";
				SUPPORTS_MACCATALYST = NO;
				SUPPORTS_MAC_DESIGNED_FOR_IPHONE_IPAD = NO;
				SWIFT_EMIT_LOC_STRINGS = YES;
				SWIFT_VERSION = 5.0;
				TARGETED_DEVICE_FAMILY = 1;
			};
			name = Release;
		};
/* End XCBuildConfiguration section */

/* Begin XCConfigurationList section */
		21CACC012AD5CD6C00718C9E /* Build configuration list for PBXProject "NewWeatherApp" */ = {
			isa = XCConfigurationList;
			buildConfigurations = (
				21CACC182AD5CD6E00718C9E /* Debug */,
				21CACC192AD5CD6E00718C9E /* Release */,
			);
			defaultConfigurationIsVisible = 0;
			defaultConfigurationName = Release;
		};
		21CACC1A2AD5CD6E00718C9E /* Build configuration list for PBXNativeTarget "NewWeatherApp" */ = {
			isa = XCConfigurationList;
			buildConfigurations = (
				21CACC1B2AD5CD6E00718C9E /* Debug */,
				21CACC1C2AD5CD6E00718C9E /* Release */,
			);
			defaultConfigurationIsVisible = 0;
			defaultConfigurationName = Release;
		};
/* End XCConfigurationList section */
	};
	rootObject = 21CACBFE2AD5CD6C00718C9E /* Project object */;
}
